
Microsoft Visual Studio Solution File, Format Version 12.00
# Visual Studio Version 17
VisualStudioVersion = 17.0.31903.59
MinimumVisualStudioVersion = 10.0.40219.1
Project("{FAE04EC0-301F-11D3-BF4B-00C04F79EFBC}") = "Finance Management Sydtem", "Finance Management Sydtem\Finance Management Sydtem.csproj", "{7E965F85-B302-4C3A-8BA9-22769264B4E6}"
EndProject
Project("{FAE04EC0-301F-11D3-BF4B-00C04F79EFBC}") = "HealthCare System", "HealthCare System\HealthCare System.csproj", "{2F1A0201-D541-4C1B-9806-27EB8418AC62}"
EndProject
Project("{FAE04EC0-301F-11D3-BF4B-00C04F79EFBC}") = "Warehouse Inventory System", "Warehouse Inventory System\Warehouse Inventory System.csproj", "{8C8A34FE-A3CA-456C-B6CD-9C0CAC46F5C9}"
EndProject
Global
	GlobalSection(SolutionConfigurationPlatforms) = preSolution
		Debug|Any CPU = Debug|Any CPU
		Debug|x64 = Debug|x64
		Debug|x86 = Debug|x86
		Release|Any CPU = Release|Any CPU
		Release|x64 = Release|x64
		Release|x86 = Release|x86
	EndGlobalSection
	GlobalSection(ProjectConfigurationPlatforms) = postSolution
		{7E965F85-B302-4C3A-8BA9-22769264B4E6}.Debug|Any CPU.ActiveCfg = Debug|Any CPU
		{7E965F85-B302-4C3A-8BA9-22769264B4E6}.Debug|Any CPU.Build.0 = Debug|Any CPU
		{7E965F85-B302-4C3A-8BA9-22769264B4E6}.Debug|x64.ActiveCfg = Debug|Any CPU
		{7E965F85-B302-4C3A-8BA9-22769264B4E6}.Debug|x64.Build.0 = Debug|Any CPU
		{7E965F85-B302-4C3A-8BA9-22769264B4E6}.Debug|x86.ActiveCfg = Debug|Any CPU
		{7E965F85-B302-4C3A-8BA9-22769264B4E6}.Debug|x86.Build.0 = Debug|Any CPU
		{7E965F85-B302-4C3A-8BA9-22769264B4E6}.Release|Any CPU.ActiveCfg = Release|Any CPU
		{7E965F85-B302-4C3A-8BA9-22769264B4E6}.Release|Any CPU.Build.0 = Release|Any CPU
		{7E965F85-B302-4C3A-8BA9-22769264B4E6}.Release|x64.ActiveCfg = Release|Any CPU
		{7E965F85-B302-4C3A-8BA9-22769264B4E6}.Release|x64.Build.0 = Release|Any CPU
		{7E965F85-B302-4C3A-8BA9-22769264B4E6}.Release|x86.ActiveCfg = Release|Any CPU
		{7E965F85-B302-4C3A-8BA9-22769264B4E6}.Release|x86.Build.0 = Release|Any CPU
		{2F1A0201-D541-4C1B-9806-27EB8418AC62}.Debug|Any CPU.ActiveCfg = Debug|Any CPU
		{2F1A0201-D541-4C1B-9806-27EB8418AC62}.Debug|Any CPU.Build.0 = Debug|Any CPU
		{2F1A0201-D541-4C1B-9806-27EB8418AC62}.Debug|x64.ActiveCfg = Debug|Any CPU
		{2F1A0201-D541-4C1B-9806-27EB8418AC62}.Debug|x64.Build.0 = Debug|Any CPU
		{2F1A0201-D541-4C1B-9806-27EB8418AC62}.Debug|x86.ActiveCfg = Debug|Any CPU
		{2F1A0201-D541-4C1B-9806-27EB8418AC62}.Debug|x86.Build.0 = Debug|Any CPU
		{2F1A0201-D541-4C1B-9806-27EB8418AC62}.Release|Any CPU.ActiveCfg = Release|Any CPU
		{2F1A0201-D541-4C1B-9806-27EB8418AC62}.Release|Any CPU.Build.0 = Release|Any CPU
		{2F1A0201-D541-4C1B-9806-27EB8418AC62}.Release|x64.ActiveCfg = Release|Any CPU
		{2F1A0201-D541-4C1B-9806-27EB8418AC62}.Release|x64.Build.0 = Release|Any CPU
		{2F1A0201-D541-4C1B-9806-27EB8418AC62}.Release|x86.ActiveCfg = Release|Any CPU
		{2F1A0201-D541-4C1B-9806-27EB8418AC62}.Release|x86.Build.0 = Release|Any CPU
		{8C8A34FE-A3CA-456C-B6CD-9C0CAC46F5C9}.Debug|Any CPU.ActiveCfg = Debug|Any CPU
		{8C8A34FE-A3CA-456C-B6CD-9C0CAC46F5C9}.Debug|Any CPU.Build.0 = Debug|Any CPU
		{8C8A34FE-A3CA-456C-B6CD-9C0CAC46F5C9}.Debug|x64.ActiveCfg = Debug|Any CPU
		{8C8A34FE-A3CA-456C-B6CD-9C0CAC46F5C9}.Debug|x64.Build.0 = Debug|Any CPU
		{8C8A34FE-A3CA-456C-B6CD-9C0CAC46F5C9}.Debug|x86.ActiveCfg = Debug|Any CPU
		{8C8A34FE-A3CA-456C-B6CD-9C0CAC46F5C9}.Debug|x86.Build.0 = Debug|Any CPU
		{8C8A34FE-A3CA-456C-B6CD-9C0CAC46F5C9}.Release|Any CPU.ActiveCfg = Release|Any CPU
		{8C8A34FE-A3CA-456C-B6CD-9C0CAC46F5C9}.Release|Any CPU.Build.0 = Release|Any CPU
		{8C8A34FE-A3CA-456C-B6CD-9C0CAC46F5C9}.Release|x64.ActiveCfg = Release|Any CPU
		{8C8A34FE-A3CA-456C-B6CD-9C0CAC46F5C9}.Release|x64.Build.0 = Release|Any CPU
		{8C8A34FE-A3CA-456C-B6CD-9C0CAC46F5C9}.Release|x86.ActiveCfg = Release|Any CPU
		{8C8A34FE-A3CA-456C-B6CD-9C0CAC46F5C9}.Release|x86.Build.0 = Release|Any CPU
	EndGlobalSection
	GlobalSection(SolutionProperties) = preSolution
		HideSolutionNode = FALSE
	EndGlobalSection
EndGlobal
